<?xml version="1.0" encoding="utf-8"?>
<Project ToolsVersion="17.0" xmlns="http://schemas.microsoft.com/developer/msbuild/2003">
  <ItemGroup>
    <CustomBuild Include="D:\Code\Photoshop\CMakeFiles\59edede85f1011f890c4d6cc19eb2cba\all_qmllint_module.rule">
      <Filter>CMake Rules</Filter>
    </CustomBuild>
    <CustomBuild Include="D:\Code\Photoshop.worktrees\implement-commit-1-overlay-canvas\CMakeLists.txt" />
  </ItemGroup>
  <ItemGroup>
    <None Include="D:\Code\Photoshop\CMakeFiles\all_qmllint_module" />
  </ItemGroup>
  <ItemGroup>
    <Filter Include="CMake Rules">
      <UniqueIdentifier>{687D7801-C282-368B-B71D-B92D0467AA92}</UniqueIdentifier>
    </Filter>
  </ItemGroup>
</Project>
