
Microsoft Visual Studio Solution File, Format Version 12.00
# Visual Studio Version 17
Project("{2150E333-8FDC-42A3-9474-1A3956D46DE8}") = "CMakePredefinedTargets", "CMakePredefinedTargets", "{5B5E0B0D-FE95-3BD6-A7E2-5DC8AA33D906}"
EndProject
Project("{2150E333-8FDC-42A3-9474-1A3956D46DE8}") = "QtInternalTargets", "QtInternalTargets", "{0106E104-D06E-3787-8B1B-3986E565C1FF}"
EndProject
Project("{2150E333-8FDC-42A3-9474-1A3956D46DE8}") = "QmlLinter", "QtInternalTargets\QmlLinter", "{75EDDFC7-F147-37AA-A62D-2633D646D71B}"
EndProject
Project("{8BC9CEB8-8B4A-11D0-8D11-00A0C91BC942}") = "ALL_BUILD", "ALL_BUILD.vcxproj", "{A055C2D8-23C0-393C-ACAD-1B03301DF619}"
	ProjectSection(ProjectDependencies) = postProject
		{11979A3A-826F-32D4-84BA-9C4DF9DCF87C} = {11979A3A-826F-32D4-84BA-9C4DF9DCF87C}
		{3E65A0CD-15F6-3B17-BA9A-37E33E5FF60D} = {3E65A0CD-15F6-3B17-BA9A-37E33E5FF60D}
		{8FB83003-62C0-3FE4-8A87-1F725EF05EF6} = {8FB83003-62C0-3FE4-8A87-1F725EF05EF6}
	EndProjectSection
EndProject
Project("{8BC9CEB8-8B4A-11D0-8D11-00A0C91BC942}") = "INSTALL", "INSTALL.vcxproj", "{F871BB75-42F2-3ED3-9837-E8FC893F0D66}"
	ProjectSection(ProjectDependencies) = postProject
		{A055C2D8-23C0-393C-ACAD-1B03301DF619} = {A055C2D8-23C0-393C-ACAD-1B03301DF619}
		{3E65A0CD-15F6-3B17-BA9A-37E33E5FF60D} = {3E65A0CD-15F6-3B17-BA9A-37E33E5FF60D}
	EndProjectSection
EndProject
Project("{8BC9CEB8-8B4A-11D0-8D11-00A0C91BC942}") = "LumenForge", "app\LumenForge.vcxproj", "{11979A3A-826F-32D4-84BA-9C4DF9DCF87C}"
	ProjectSection(ProjectDependencies) = postProject
		{7F3919A9-0814-308D-BBEC-E3F86F589456} = {7F3919A9-0814-308D-BBEC-E3F86F589456}
		{E7F3F46F-C78C-3AA1-8C1F-5634A17DDA69} = {E7F3F46F-C78C-3AA1-8C1F-5634A17DDA69}
		{9035CFBF-0DFF-3DC2-AC99-ACD9E51020FB} = {9035CFBF-0DFF-3DC2-AC99-ACD9E51020FB}
		{A39FCF27-538F-39EE-BEC1-D346F968E67B} = {A39FCF27-538F-39EE-BEC1-D346F968E67B}
		{F1DACCAF-4EF8-36A3-9FBF-3D1120A9AE07} = {F1DACCAF-4EF8-36A3-9FBF-3D1120A9AE07}
		{3E65A0CD-15F6-3B17-BA9A-37E33E5FF60D} = {3E65A0CD-15F6-3B17-BA9A-37E33E5FF60D}
		{9E41A32B-B458-31FB-A2D9-560C3F52050E} = {9E41A32B-B458-31FB-A2D9-560C3F52050E}
		{8FB83003-62C0-3FE4-8A87-1F725EF05EF6} = {8FB83003-62C0-3FE4-8A87-1F725EF05EF6}
	EndProjectSection
EndProject
Project("{8BC9CEB8-8B4A-11D0-8D11-00A0C91BC942}") = "LumenForge_autogen", "app\LumenForge_autogen.vcxproj", "{7F3919A9-0814-308D-BBEC-E3F86F589456}"
	ProjectSection(ProjectDependencies) = postProject
		{9035CFBF-0DFF-3DC2-AC99-ACD9E51020FB} = {9035CFBF-0DFF-3DC2-AC99-ACD9E51020FB}
		{A39FCF27-538F-39EE-BEC1-D346F968E67B} = {A39FCF27-538F-39EE-BEC1-D346F968E67B}
		{F1DACCAF-4EF8-36A3-9FBF-3D1120A9AE07} = {F1DACCAF-4EF8-36A3-9FBF-3D1120A9AE07}
		{3E65A0CD-15F6-3B17-BA9A-37E33E5FF60D} = {3E65A0CD-15F6-3B17-BA9A-37E33E5FF60D}
		{9E41A32B-B458-31FB-A2D9-560C3F52050E} = {9E41A32B-B458-31FB-A2D9-560C3F52050E}
		{8FB83003-62C0-3FE4-8A87-1F725EF05EF6} = {8FB83003-62C0-3FE4-8A87-1F725EF05EF6}
	EndProjectSection
EndProject
Project("{8BC9CEB8-8B4A-11D0-8D11-00A0C91BC942}") = "LumenForge_automoc_json_extraction", "app\LumenForge_automoc_json_extraction.vcxproj", "{E7F3F46F-C78C-3AA1-8C1F-5634A17DDA69}"
	ProjectSection(ProjectDependencies) = postProject
		{7F3919A9-0814-308D-BBEC-E3F86F589456} = {7F3919A9-0814-308D-BBEC-E3F86F589456}
		{3E65A0CD-15F6-3B17-BA9A-37E33E5FF60D} = {3E65A0CD-15F6-3B17-BA9A-37E33E5FF60D}
	EndProjectSection
EndProject
Project("{8BC9CEB8-8B4A-11D0-8D11-00A0C91BC942}") = "LumenForge_copy_qml", "app\LumenForge_copy_qml.vcxproj", "{9035CFBF-0DFF-3DC2-AC99-ACD9E51020FB}"
	ProjectSection(ProjectDependencies) = postProject
		{3E65A0CD-15F6-3B17-BA9A-37E33E5FF60D} = {3E65A0CD-15F6-3B17-BA9A-37E33E5FF60D}
	EndProjectSection
EndProject
Project("{8BC9CEB8-8B4A-11D0-8D11-00A0C91BC942}") = "LumenForge_copy_res", "app\LumenForge_copy_res.vcxproj", "{A39FCF27-538F-39EE-BEC1-D346F968E67B}"
	ProjectSection(ProjectDependencies) = postProject
		{3E65A0CD-15F6-3B17-BA9A-37E33E5FF60D} = {3E65A0CD-15F6-3B17-BA9A-37E33E5FF60D}
	EndProjectSection
EndProject
Project("{8BC9CEB8-8B4A-11D0-8D11-00A0C91BC942}") = "LumenForge_qmlimportscan", "app\LumenForge_qmlimportscan.vcxproj", "{F1DACCAF-4EF8-36A3-9FBF-3D1120A9AE07}"
	ProjectSection(ProjectDependencies) = postProject
		{3E65A0CD-15F6-3B17-BA9A-37E33E5FF60D} = {3E65A0CD-15F6-3B17-BA9A-37E33E5FF60D}
	EndProjectSection
EndProject
Project("{8BC9CEB8-8B4A-11D0-8D11-00A0C91BC942}") = "LumenForge_qmllint", "app\LumenForge_qmllint.vcxproj", "{C1A73094-05E6-3160-B734-027C21649051}"
	ProjectSection(ProjectDependencies) = postProject
		{3E65A0CD-15F6-3B17-BA9A-37E33E5FF60D} = {3E65A0CD-15F6-3B17-BA9A-37E33E5FF60D}
		{85335FFB-07D0-380E-A2A6-292AC30B60AD} = {85335FFB-07D0-380E-A2A6-292AC30B60AD}
	EndProjectSection
EndProject
Project("{8BC9CEB8-8B4A-11D0-8D11-00A0C91BC942}") = "LumenForge_qmllint_json", "app\LumenForge_qmllint_json.vcxproj", "{AB9039FF-F927-311A-8CBE-ACF9C7CC54F0}"
	ProjectSection(ProjectDependencies) = postProject
		{3E65A0CD-15F6-3B17-BA9A-37E33E5FF60D} = {3E65A0CD-15F6-3B17-BA9A-37E33E5FF60D}
		{85335FFB-07D0-380E-A2A6-292AC30B60AD} = {85335FFB-07D0-380E-A2A6-292AC30B60AD}
	EndProjectSection
EndProject
Project("{8BC9CEB8-8B4A-11D0-8D11-00A0C91BC942}") = "LumenForge_qmllint_module", "app\LumenForge_qmllint_module.vcxproj", "{7BB2DF83-9C13-34A6-8DF3-891CF8A441AA}"
	ProjectSection(ProjectDependencies) = postProject
		{3E65A0CD-15F6-3B17-BA9A-37E33E5FF60D} = {3E65A0CD-15F6-3B17-BA9A-37E33E5FF60D}
		{85335FFB-07D0-380E-A2A6-292AC30B60AD} = {85335FFB-07D0-380E-A2A6-292AC30B60AD}
	EndProjectSection
EndProject
Project("{8BC9CEB8-8B4A-11D0-8D11-00A0C91BC942}") = "LumenForge_qmltyperegistration", "app\LumenForge_qmltyperegistration.vcxproj", "{C1B8C23C-6B27-3EAD-8B8A-AB80721D3340}"
	ProjectSection(ProjectDependencies) = postProject
		{E7F3F46F-C78C-3AA1-8C1F-5634A17DDA69} = {E7F3F46F-C78C-3AA1-8C1F-5634A17DDA69}
		{3E65A0CD-15F6-3B17-BA9A-37E33E5FF60D} = {3E65A0CD-15F6-3B17-BA9A-37E33E5FF60D}
	EndProjectSection
EndProject
Project("{8BC9CEB8-8B4A-11D0-8D11-00A0C91BC942}") = "PACKAGE", "PACKAGE.vcxproj", "{69B9520E-7350-3827-AE24-C2DEC24FF191}"
	ProjectSection(ProjectDependencies) = postProject
		{A055C2D8-23C0-393C-ACAD-1B03301DF619} = {A055C2D8-23C0-393C-ACAD-1B03301DF619}
		{3E65A0CD-15F6-3B17-BA9A-37E33E5FF60D} = {3E65A0CD-15F6-3B17-BA9A-37E33E5FF60D}
	EndProjectSection
EndProject
Project("{8BC9CEB8-8B4A-11D0-8D11-00A0C91BC942}") = "ZERO_CHECK", "ZERO_CHECK.vcxproj", "{3E65A0CD-15F6-3B17-BA9A-37E33E5FF60D}"
	ProjectSection(ProjectDependencies) = postProject
	EndProjectSection
EndProject
Project("{8BC9CEB8-8B4A-11D0-8D11-00A0C91BC942}") = "all_aotstats", "all_aotstats.vcxproj", "{F5FD4644-BD63-3987-81C3-0A9C52AAEE51}"
	ProjectSection(ProjectDependencies) = postProject
		{3E65A0CD-15F6-3B17-BA9A-37E33E5FF60D} = {3E65A0CD-15F6-3B17-BA9A-37E33E5FF60D}
		{48EBCED4-06C1-3B35-8D54-E401CE448634} = {48EBCED4-06C1-3B35-8D54-E401CE448634}
	EndProjectSection
EndProject
Project("{8BC9CEB8-8B4A-11D0-8D11-00A0C91BC942}") = "all_qmllint", "all_qmllint.vcxproj", "{22FF26FB-68E3-367A-A60D-3CFDF4734A64}"
	ProjectSection(ProjectDependencies) = postProject
		{3E65A0CD-15F6-3B17-BA9A-37E33E5FF60D} = {3E65A0CD-15F6-3B17-BA9A-37E33E5FF60D}
	EndProjectSection
EndProject
Project("{8BC9CEB8-8B4A-11D0-8D11-00A0C91BC942}") = "all_qmllint_json", "all_qmllint_json.vcxproj", "{E641D605-0178-335A-BAAA-E607F87E6FB0}"
	ProjectSection(ProjectDependencies) = postProject
		{3E65A0CD-15F6-3B17-BA9A-37E33E5FF60D} = {3E65A0CD-15F6-3B17-BA9A-37E33E5FF60D}
	EndProjectSection
EndProject
Project("{8BC9CEB8-8B4A-11D0-8D11-00A0C91BC942}") = "all_qmllint_module", "all_qmllint_module.vcxproj", "{DF08103E-703E-39A6-8AC3-38BE9C237C9F}"
	ProjectSection(ProjectDependencies) = postProject
		{3E65A0CD-15F6-3B17-BA9A-37E33E5FF60D} = {3E65A0CD-15F6-3B17-BA9A-37E33E5FF60D}
	EndProjectSection
EndProject
Project("{8BC9CEB8-8B4A-11D0-8D11-00A0C91BC942}") = "all_qmltyperegistrations", "app\all_qmltyperegistrations.vcxproj", "{85335FFB-07D0-380E-A2A6-292AC30B60AD}"
	ProjectSection(ProjectDependencies) = postProject
		{C1B8C23C-6B27-3EAD-8B8A-AB80721D3340} = {C1B8C23C-6B27-3EAD-8B8A-AB80721D3340}
		{3E65A0CD-15F6-3B17-BA9A-37E33E5FF60D} = {3E65A0CD-15F6-3B17-BA9A-37E33E5FF60D}
	EndProjectSection
EndProject
Project("{8BC9CEB8-8B4A-11D0-8D11-00A0C91BC942}") = "clean_qml_context_properties", "app\clean_qml_context_properties.vcxproj", "{E950F1BF-4321-3302-ABB5-68CEF274624C}"
	ProjectSection(ProjectDependencies) = postProject
		{3E65A0CD-15F6-3B17-BA9A-37E33E5FF60D} = {3E65A0CD-15F6-3B17-BA9A-37E33E5FF60D}
	EndProjectSection
EndProject
Project("{8BC9CEB8-8B4A-11D0-8D11-00A0C91BC942}") = "dump_qml_context_properties", "app\dump_qml_context_properties.vcxproj", "{E5A92D34-C249-3CE2-BB5C-C97BBBC3373C}"
	ProjectSection(ProjectDependencies) = postProject
		{3E65A0CD-15F6-3B17-BA9A-37E33E5FF60D} = {3E65A0CD-15F6-3B17-BA9A-37E33E5FF60D}
	EndProjectSection
EndProject
Project("{8BC9CEB8-8B4A-11D0-8D11-00A0C91BC942}") = "generate_qmlls_build_ini_file", "generate_qmlls_build_ini_file.vcxproj", "{9E41A32B-B458-31FB-A2D9-560C3F52050E}"
	ProjectSection(ProjectDependencies) = postProject
		{3E65A0CD-15F6-3B17-BA9A-37E33E5FF60D} = {3E65A0CD-15F6-3B17-BA9A-37E33E5FF60D}
	EndProjectSection
EndProject
Project("{8BC9CEB8-8B4A-11D0-8D11-00A0C91BC942}") = "lumen_core", "core\lumen_core.vcxproj", "{8FB83003-62C0-3FE4-8A87-1F725EF05EF6}"
	ProjectSection(ProjectDependencies) = postProject
		{3E65A0CD-15F6-3B17-BA9A-37E33E5FF60D} = {3E65A0CD-15F6-3B17-BA9A-37E33E5FF60D}
		{B9ECF00F-E021-333C-B7AA-861DE4F8773C} = {B9ECF00F-E021-333C-B7AA-861DE4F8773C}
		{17028DFA-ED28-3F5B-9B74-D9D646A06534} = {17028DFA-ED28-3F5B-9B74-D9D646A06534}
	EndProjectSection
EndProject
Project("{8BC9CEB8-8B4A-11D0-8D11-00A0C91BC942}") = "lumen_core_autogen", "core\lumen_core_autogen.vcxproj", "{B9ECF00F-E021-333C-B7AA-861DE4F8773C}"
	ProjectSection(ProjectDependencies) = postProject
		{3E65A0CD-15F6-3B17-BA9A-37E33E5FF60D} = {3E65A0CD-15F6-3B17-BA9A-37E33E5FF60D}
	EndProjectSection
EndProject
Project("{8BC9CEB8-8B4A-11D0-8D11-00A0C91BC942}") = "lumen_core_automoc_json_extraction", "core\lumen_core_automoc_json_extraction.vcxproj", "{17028DFA-ED28-3F5B-9B74-D9D646A06534}"
	ProjectSection(ProjectDependencies) = postProject
		{3E65A0CD-15F6-3B17-BA9A-37E33E5FF60D} = {3E65A0CD-15F6-3B17-BA9A-37E33E5FF60D}
		{B9ECF00F-E021-333C-B7AA-861DE4F8773C} = {B9ECF00F-E021-333C-B7AA-861DE4F8773C}
	EndProjectSection
EndProject
Project("{8BC9CEB8-8B4A-11D0-8D11-00A0C91BC942}") = "module_LumenForge_aotstats_target", "module_LumenForge_aotstats_target.vcxproj", "{48EBCED4-06C1-3B35-8D54-E401CE448634}"
	ProjectSection(ProjectDependencies) = postProject
		{C1B8C23C-6B27-3EAD-8B8A-AB80721D3340} = {C1B8C23C-6B27-3EAD-8B8A-AB80721D3340}
		{3E65A0CD-15F6-3B17-BA9A-37E33E5FF60D} = {3E65A0CD-15F6-3B17-BA9A-37E33E5FF60D}
	EndProjectSection
EndProject
Global
	GlobalSection(SolutionConfigurationPlatforms) = preSolution
		Debug|x64 = Debug|x64
		Release|x64 = Release|x64
		MinSizeRel|x64 = MinSizeRel|x64
		RelWithDebInfo|x64 = RelWithDebInfo|x64
	EndGlobalSection
	GlobalSection(ProjectConfigurationPlatforms) = postSolution
		{A055C2D8-23C0-393C-ACAD-1B03301DF619}.Debug|x64.ActiveCfg = Debug|x64
		{A055C2D8-23C0-393C-ACAD-1B03301DF619}.Debug|x64.Build.0 = Debug|x64
		{A055C2D8-23C0-393C-ACAD-1B03301DF619}.Release|x64.ActiveCfg = Release|x64
		{A055C2D8-23C0-393C-ACAD-1B03301DF619}.Release|x64.Build.0 = Release|x64
		{A055C2D8-23C0-393C-ACAD-1B03301DF619}.MinSizeRel|x64.ActiveCfg = MinSizeRel|x64
		{A055C2D8-23C0-393C-ACAD-1B03301DF619}.MinSizeRel|x64.Build.0 = MinSizeRel|x64
		{A055C2D8-23C0-393C-ACAD-1B03301DF619}.RelWithDebInfo|x64.ActiveCfg = RelWithDebInfo|x64
		{A055C2D8-23C0-393C-ACAD-1B03301DF619}.RelWithDebInfo|x64.Build.0 = RelWithDebInfo|x64
		{F871BB75-42F2-3ED3-9837-E8FC893F0D66}.Debug|x64.ActiveCfg = Debug|x64
		{F871BB75-42F2-3ED3-9837-E8FC893F0D66}.Release|x64.ActiveCfg = Release|x64
		{F871BB75-42F2-3ED3-9837-E8FC893F0D66}.MinSizeRel|x64.ActiveCfg = MinSizeRel|x64
		{F871BB75-42F2-3ED3-9837-E8FC893F0D66}.RelWithDebInfo|x64.ActiveCfg = RelWithDebInfo|x64
		{11979A3A-826F-32D4-84BA-9C4DF9DCF87C}.Debug|x64.ActiveCfg = Debug|x64
		{11979A3A-826F-32D4-84BA-9C4DF9DCF87C}.Debug|x64.Build.0 = Debug|x64
		{11979A3A-826F-32D4-84BA-9C4DF9DCF87C}.Release|x64.ActiveCfg = Release|x64
		{11979A3A-826F-32D4-84BA-9C4DF9DCF87C}.Release|x64.Build.0 = Release|x64
		{11979A3A-826F-32D4-84BA-9C4DF9DCF87C}.MinSizeRel|x64.ActiveCfg = MinSizeRel|x64
		{11979A3A-826F-32D4-84BA-9C4DF9DCF87C}.MinSizeRel|x64.Build.0 = MinSizeRel|x64
		{11979A3A-826F-32D4-84BA-9C4DF9DCF87C}.RelWithDebInfo|x64.ActiveCfg = RelWithDebInfo|x64
		{11979A3A-826F-32D4-84BA-9C4DF9DCF87C}.RelWithDebInfo|x64.Build.0 = RelWithDebInfo|x64
		{7F3919A9-0814-308D-BBEC-E3F86F589456}.Debug|x64.ActiveCfg = Debug|x64
		{7F3919A9-0814-308D-BBEC-E3F86F589456}.Debug|x64.Build.0 = Debug|x64
		{7F3919A9-0814-308D-BBEC-E3F86F589456}.Release|x64.ActiveCfg = Release|x64
		{7F3919A9-0814-308D-BBEC-E3F86F589456}.Release|x64.Build.0 = Release|x64
		{7F3919A9-0814-308D-BBEC-E3F86F589456}.MinSizeRel|x64.ActiveCfg = MinSizeRel|x64
		{7F3919A9-0814-308D-BBEC-E3F86F589456}.MinSizeRel|x64.Build.0 = MinSizeRel|x64
		{7F3919A9-0814-308D-BBEC-E3F86F589456}.RelWithDebInfo|x64.ActiveCfg = RelWithDebInfo|x64
		{7F3919A9-0814-308D-BBEC-E3F86F589456}.RelWithDebInfo|x64.Build.0 = RelWithDebInfo|x64
		{E7F3F46F-C78C-3AA1-8C1F-5634A17DDA69}.Debug|x64.ActiveCfg = Debug|x64
		{E7F3F46F-C78C-3AA1-8C1F-5634A17DDA69}.Debug|x64.Build.0 = Debug|x64
		{E7F3F46F-C78C-3AA1-8C1F-5634A17DDA69}.Release|x64.ActiveCfg = Release|x64
		{E7F3F46F-C78C-3AA1-8C1F-5634A17DDA69}.Release|x64.Build.0 = Release|x64
		{E7F3F46F-C78C-3AA1-8C1F-5634A17DDA69}.MinSizeRel|x64.ActiveCfg = MinSizeRel|x64
		{E7F3F46F-C78C-3AA1-8C1F-5634A17DDA69}.MinSizeRel|x64.Build.0 = MinSizeRel|x64
		{E7F3F46F-C78C-3AA1-8C1F-5634A17DDA69}.RelWithDebInfo|x64.ActiveCfg = RelWithDebInfo|x64
		{E7F3F46F-C78C-3AA1-8C1F-5634A17DDA69}.RelWithDebInfo|x64.Build.0 = RelWithDebInfo|x64
		{9035CFBF-0DFF-3DC2-AC99-ACD9E51020FB}.Debug|x64.ActiveCfg = Debug|x64
		{9035CFBF-0DFF-3DC2-AC99-ACD9E51020FB}.Debug|x64.Build.0 = Debug|x64
		{9035CFBF-0DFF-3DC2-AC99-ACD9E51020FB}.Release|x64.ActiveCfg = Release|x64
		{9035CFBF-0DFF-3DC2-AC99-ACD9E51020FB}.Release|x64.Build.0 = Release|x64
		{9035CFBF-0DFF-3DC2-AC99-ACD9E51020FB}.MinSizeRel|x64.ActiveCfg = MinSizeRel|x64
		{9035CFBF-0DFF-3DC2-AC99-ACD9E51020FB}.MinSizeRel|x64.Build.0 = MinSizeRel|x64
		{9035CFBF-0DFF-3DC2-AC99-ACD9E51020FB}.RelWithDebInfo|x64.ActiveCfg = RelWithDebInfo|x64
		{9035CFBF-0DFF-3DC2-AC99-ACD9E51020FB}.RelWithDebInfo|x64.Build.0 = RelWithDebInfo|x64
		{A39FCF27-538F-39EE-BEC1-D346F968E67B}.Debug|x64.ActiveCfg = Debug|x64
		{A39FCF27-538F-39EE-BEC1-D346F968E67B}.Debug|x64.Build.0 = Debug|x64
		{A39FCF27-538F-39EE-BEC1-D346F968E67B}.Release|x64.ActiveCfg = Release|x64
		{A39FCF27-538F-39EE-BEC1-D346F968E67B}.Release|x64.Build.0 = Release|x64
		{A39FCF27-538F-39EE-BEC1-D346F968E67B}.MinSizeRel|x64.ActiveCfg = MinSizeRel|x64
		{A39FCF27-538F-39EE-BEC1-D346F968E67B}.MinSizeRel|x64.Build.0 = MinSizeRel|x64
		{A39FCF27-538F-39EE-BEC1-D346F968E67B}.RelWithDebInfo|x64.ActiveCfg = RelWithDebInfo|x64
		{A39FCF27-538F-39EE-BEC1-D346F968E67B}.RelWithDebInfo|x64.Build.0 = RelWithDebInfo|x64
		{F1DACCAF-4EF8-36A3-9FBF-3D1120A9AE07}.Debug|x64.ActiveCfg = Debug|x64
		{F1DACCAF-4EF8-36A3-9FBF-3D1120A9AE07}.Debug|x64.Build.0 = Debug|x64
		{F1DACCAF-4EF8-36A3-9FBF-3D1120A9AE07}.Release|x64.ActiveCfg = Release|x64
		{F1DACCAF-4EF8-36A3-9FBF-3D1120A9AE07}.Release|x64.Build.0 = Release|x64
		{F1DACCAF-4EF8-36A3-9FBF-3D1120A9AE07}.MinSizeRel|x64.ActiveCfg = MinSizeRel|x64
		{F1DACCAF-4EF8-36A3-9FBF-3D1120A9AE07}.MinSizeRel|x64.Build.0 = MinSizeRel|x64
		{F1DACCAF-4EF8-36A3-9FBF-3D1120A9AE07}.RelWithDebInfo|x64.ActiveCfg = RelWithDebInfo|x64
		{F1DACCAF-4EF8-36A3-9FBF-3D1120A9AE07}.RelWithDebInfo|x64.Build.0 = RelWithDebInfo|x64
		{C1A73094-05E6-3160-B734-027C21649051}.Debug|x64.ActiveCfg = Debug|x64
		{C1A73094-05E6-3160-B734-027C21649051}.Release|x64.ActiveCfg = Release|x64
		{C1A73094-05E6-3160-B734-027C21649051}.MinSizeRel|x64.ActiveCfg = MinSizeRel|x64
		{C1A73094-05E6-3160-B734-027C21649051}.RelWithDebInfo|x64.ActiveCfg = RelWithDebInfo|x64
		{AB9039FF-F927-311A-8CBE-ACF9C7CC54F0}.Debug|x64.ActiveCfg = Debug|x64
		{AB9039FF-F927-311A-8CBE-ACF9C7CC54F0}.Release|x64.ActiveCfg = Release|x64
		{AB9039FF-F927-311A-8CBE-ACF9C7CC54F0}.MinSizeRel|x64.ActiveCfg = MinSizeRel|x64
		{AB9039FF-F927-311A-8CBE-ACF9C7CC54F0}.RelWithDebInfo|x64.ActiveCfg = RelWithDebInfo|x64
		{7BB2DF83-9C13-34A6-8DF3-891CF8A441AA}.Debug|x64.ActiveCfg = Debug|x64
		{7BB2DF83-9C13-34A6-8DF3-891CF8A441AA}.Release|x64.ActiveCfg = Release|x64
		{7BB2DF83-9C13-34A6-8DF3-891CF8A441AA}.MinSizeRel|x64.ActiveCfg = MinSizeRel|x64
		{7BB2DF83-9C13-34A6-8DF3-891CF8A441AA}.RelWithDebInfo|x64.ActiveCfg = RelWithDebInfo|x64
		{C1B8C23C-6B27-3EAD-8B8A-AB80721D3340}.Debug|x64.ActiveCfg = Debug|x64
		{C1B8C23C-6B27-3EAD-8B8A-AB80721D3340}.Debug|x64.Build.0 = Debug|x64
		{C1B8C23C-6B27-3EAD-8B8A-AB80721D3340}.Release|x64.ActiveCfg = Release|x64
		{C1B8C23C-6B27-3EAD-8B8A-AB80721D3340}.Release|x64.Build.0 = Release|x64
		{C1B8C23C-6B27-3EAD-8B8A-AB80721D3340}.MinSizeRel|x64.ActiveCfg = MinSizeRel|x64
		{C1B8C23C-6B27-3EAD-8B8A-AB80721D3340}.MinSizeRel|x64.Build.0 = MinSizeRel|x64
		{C1B8C23C-6B27-3EAD-8B8A-AB80721D3340}.RelWithDebInfo|x64.ActiveCfg = RelWithDebInfo|x64
		{C1B8C23C-6B27-3EAD-8B8A-AB80721D3340}.RelWithDebInfo|x64.Build.0 = RelWithDebInfo|x64
		{69B9520E-7350-3827-AE24-C2DEC24FF191}.Debug|x64.ActiveCfg = Debug|x64
		{69B9520E-7350-3827-AE24-C2DEC24FF191}.Release|x64.ActiveCfg = Release|x64
		{69B9520E-7350-3827-AE24-C2DEC24FF191}.MinSizeRel|x64.ActiveCfg = MinSizeRel|x64
		{69B9520E-7350-3827-AE24-C2DEC24FF191}.RelWithDebInfo|x64.ActiveCfg = RelWithDebInfo|x64
		{3E65A0CD-15F6-3B17-BA9A-37E33E5FF60D}.Debug|x64.ActiveCfg = Debug|x64
		{3E65A0CD-15F6-3B17-BA9A-37E33E5FF60D}.Debug|x64.Build.0 = Debug|x64
		{3E65A0CD-15F6-3B17-BA9A-37E33E5FF60D}.Release|x64.ActiveCfg = Release|x64
		{3E65A0CD-15F6-3B17-BA9A-37E33E5FF60D}.Release|x64.Build.0 = Release|x64
		{3E65A0CD-15F6-3B17-BA9A-37E33E5FF60D}.MinSizeRel|x64.ActiveCfg = MinSizeRel|x64
		{3E65A0CD-15F6-3B17-BA9A-37E33E5FF60D}.MinSizeRel|x64.Build.0 = MinSizeRel|x64
		{3E65A0CD-15F6-3B17-BA9A-37E33E5FF60D}.RelWithDebInfo|x64.ActiveCfg = RelWithDebInfo|x64
		{3E65A0CD-15F6-3B17-BA9A-37E33E5FF60D}.RelWithDebInfo|x64.Build.0 = RelWithDebInfo|x64
		{F5FD4644-BD63-3987-81C3-0A9C52AAEE51}.Debug|x64.ActiveCfg = Debug|x64
		{F5FD4644-BD63-3987-81C3-0A9C52AAEE51}.Release|x64.ActiveCfg = Release|x64
		{F5FD4644-BD63-3987-81C3-0A9C52AAEE51}.MinSizeRel|x64.ActiveCfg = MinSizeRel|x64
		{F5FD4644-BD63-3987-81C3-0A9C52AAEE51}.RelWithDebInfo|x64.ActiveCfg = RelWithDebInfo|x64
		{22FF26FB-68E3-367A-A60D-3CFDF4734A64}.Debug|x64.ActiveCfg = Debug|x64
		{22FF26FB-68E3-367A-A60D-3CFDF4734A64}.Release|x64.ActiveCfg = Release|x64
		{22FF26FB-68E3-367A-A60D-3CFDF4734A64}.MinSizeRel|x64.ActiveCfg = MinSizeRel|x64
		{22FF26FB-68E3-367A-A60D-3CFDF4734A64}.RelWithDebInfo|x64.ActiveCfg = RelWithDebInfo|x64
		{E641D605-0178-335A-BAAA-E607F87E6FB0}.Debug|x64.ActiveCfg = Debug|x64
		{E641D605-0178-335A-BAAA-E607F87E6FB0}.Release|x64.ActiveCfg = Release|x64
		{E641D605-0178-335A-BAAA-E607F87E6FB0}.MinSizeRel|x64.ActiveCfg = MinSizeRel|x64
		{E641D605-0178-335A-BAAA-E607F87E6FB0}.RelWithDebInfo|x64.ActiveCfg = RelWithDebInfo|x64
		{DF08103E-703E-39A6-8AC3-38BE9C237C9F}.Debug|x64.ActiveCfg = Debug|x64
		{DF08103E-703E-39A6-8AC3-38BE9C237C9F}.Release|x64.ActiveCfg = Release|x64
		{DF08103E-703E-39A6-8AC3-38BE9C237C9F}.MinSizeRel|x64.ActiveCfg = MinSizeRel|x64
		{DF08103E-703E-39A6-8AC3-38BE9C237C9F}.RelWithDebInfo|x64.ActiveCfg = RelWithDebInfo|x64
		{85335FFB-07D0-380E-A2A6-292AC30B60AD}.Debug|x64.ActiveCfg = Debug|x64
		{85335FFB-07D0-380E-A2A6-292AC30B60AD}.Debug|x64.Build.0 = Debug|x64
		{85335FFB-07D0-380E-A2A6-292AC30B60AD}.Release|x64.ActiveCfg = Release|x64
		{85335FFB-07D0-380E-A2A6-292AC30B60AD}.Release|x64.Build.0 = Release|x64
		{85335FFB-07D0-380E-A2A6-292AC30B60AD}.MinSizeRel|x64.ActiveCfg = MinSizeRel|x64
		{85335FFB-07D0-380E-A2A6-292AC30B60AD}.MinSizeRel|x64.Build.0 = MinSizeRel|x64
		{85335FFB-07D0-380E-A2A6-292AC30B60AD}.RelWithDebInfo|x64.ActiveCfg = RelWithDebInfo|x64
		{85335FFB-07D0-380E-A2A6-292AC30B60AD}.RelWithDebInfo|x64.Build.0 = RelWithDebInfo|x64
		{E950F1BF-4321-3302-ABB5-68CEF274624C}.Debug|x64.ActiveCfg = Debug|x64
		{E950F1BF-4321-3302-ABB5-68CEF274624C}.Release|x64.ActiveCfg = Release|x64
		{E950F1BF-4321-3302-ABB5-68CEF274624C}.MinSizeRel|x64.ActiveCfg = MinSizeRel|x64
		{E950F1BF-4321-3302-ABB5-68CEF274624C}.RelWithDebInfo|x64.ActiveCfg = RelWithDebInfo|x64
		{E5A92D34-C249-3CE2-BB5C-C97BBBC3373C}.Debug|x64.ActiveCfg = Debug|x64
		{E5A92D34-C249-3CE2-BB5C-C97BBBC3373C}.Release|x64.ActiveCfg = Release|x64
		{E5A92D34-C249-3CE2-BB5C-C97BBBC3373C}.MinSizeRel|x64.ActiveCfg = MinSizeRel|x64
		{E5A92D34-C249-3CE2-BB5C-C97BBBC3373C}.RelWithDebInfo|x64.ActiveCfg = RelWithDebInfo|x64
		{9E41A32B-B458-31FB-A2D9-560C3F52050E}.Debug|x64.ActiveCfg = Debug|x64
		{9E41A32B-B458-31FB-A2D9-560C3F52050E}.Debug|x64.Build.0 = Debug|x64
		{9E41A32B-B458-31FB-A2D9-560C3F52050E}.Release|x64.ActiveCfg = Release|x64
		{9E41A32B-B458-31FB-A2D9-560C3F52050E}.Release|x64.Build.0 = Release|x64
		{9E41A32B-B458-31FB-A2D9-560C3F52050E}.MinSizeRel|x64.ActiveCfg = MinSizeRel|x64
		{9E41A32B-B458-31FB-A2D9-560C3F52050E}.MinSizeRel|x64.Build.0 = MinSizeRel|x64
		{9E41A32B-B458-31FB-A2D9-560C3F52050E}.RelWithDebInfo|x64.ActiveCfg = RelWithDebInfo|x64
		{9E41A32B-B458-31FB-A2D9-560C3F52050E}.RelWithDebInfo|x64.Build.0 = RelWithDebInfo|x64
		{8FB83003-62C0-3FE4-8A87-1F725EF05EF6}.Debug|x64.ActiveCfg = Debug|x64
		{8FB83003-62C0-3FE4-8A87-1F725EF05EF6}.Debug|x64.Build.0 = Debug|x64
		{8FB83003-62C0-3FE4-8A87-1F725EF05EF6}.Release|x64.ActiveCfg = Release|x64
		{8FB83003-62C0-3FE4-8A87-1F725EF05EF6}.Release|x64.Build.0 = Release|x64
		{8FB83003-62C0-3FE4-8A87-1F725EF05EF6}.MinSizeRel|x64.ActiveCfg = MinSizeRel|x64
		{8FB83003-62C0-3FE4-8A87-1F725EF05EF6}.MinSizeRel|x64.Build.0 = MinSizeRel|x64
		{8FB83003-62C0-3FE4-8A87-1F725EF05EF6}.RelWithDebInfo|x64.ActiveCfg = RelWithDebInfo|x64
		{8FB83003-62C0-3FE4-8A87-1F725EF05EF6}.RelWithDebInfo|x64.Build.0 = RelWithDebInfo|x64
		{B9ECF00F-E021-333C-B7AA-861DE4F8773C}.Debug|x64.ActiveCfg = Debug|x64
		{B9ECF00F-E021-333C-B7AA-861DE4F8773C}.Debug|x64.Build.0 = Debug|x64
		{B9ECF00F-E021-333C-B7AA-861DE4F8773C}.Release|x64.ActiveCfg = Release|x64
		{B9ECF00F-E021-333C-B7AA-861DE4F8773C}.Release|x64.Build.0 = Release|x64
		{B9ECF00F-E021-333C-B7AA-861DE4F8773C}.MinSizeRel|x64.ActiveCfg = MinSizeRel|x64
		{B9ECF00F-E021-333C-B7AA-861DE4F8773C}.MinSizeRel|x64.Build.0 = MinSizeRel|x64
		{B9ECF00F-E021-333C-B7AA-861DE4F8773C}.RelWithDebInfo|x64.ActiveCfg = RelWithDebInfo|x64
		{B9ECF00F-E021-333C-B7AA-861DE4F8773C}.RelWithDebInfo|x64.Build.0 = RelWithDebInfo|x64
		{17028DFA-ED28-3F5B-9B74-D9D646A06534}.Debug|x64.ActiveCfg = Debug|x64
		{17028DFA-ED28-3F5B-9B74-D9D646A06534}.Debug|x64.Build.0 = Debug|x64
		{17028DFA-ED28-3F5B-9B74-D9D646A06534}.Release|x64.ActiveCfg = Release|x64
		{17028DFA-ED28-3F5B-9B74-D9D646A06534}.Release|x64.Build.0 = Release|x64
		{17028DFA-ED28-3F5B-9B74-D9D646A06534}.MinSizeRel|x64.ActiveCfg = MinSizeRel|x64
		{17028DFA-ED28-3F5B-9B74-D9D646A06534}.MinSizeRel|x64.Build.0 = MinSizeRel|x64
		{17028DFA-ED28-3F5B-9B74-D9D646A06534}.RelWithDebInfo|x64.ActiveCfg = RelWithDebInfo|x64
		{17028DFA-ED28-3F5B-9B74-D9D646A06534}.RelWithDebInfo|x64.Build.0 = RelWithDebInfo|x64
		{48EBCED4-06C1-3B35-8D54-E401CE448634}.Debug|x64.ActiveCfg = Debug|x64
		{48EBCED4-06C1-3B35-8D54-E401CE448634}.Debug|x64.Build.0 = Debug|x64
		{48EBCED4-06C1-3B35-8D54-E401CE448634}.Release|x64.ActiveCfg = Release|x64
		{48EBCED4-06C1-3B35-8D54-E401CE448634}.Release|x64.Build.0 = Release|x64
		{48EBCED4-06C1-3B35-8D54-E401CE448634}.MinSizeRel|x64.ActiveCfg = MinSizeRel|x64
		{48EBCED4-06C1-3B35-8D54-E401CE448634}.MinSizeRel|x64.Build.0 = MinSizeRel|x64
		{48EBCED4-06C1-3B35-8D54-E401CE448634}.RelWithDebInfo|x64.ActiveCfg = RelWithDebInfo|x64
		{48EBCED4-06C1-3B35-8D54-E401CE448634}.RelWithDebInfo|x64.Build.0 = RelWithDebInfo|x64
	EndGlobalSection
	GlobalSection(NestedProjects) = preSolution
		{A055C2D8-23C0-393C-ACAD-1B03301DF619} = {5B5E0B0D-FE95-3BD6-A7E2-5DC8AA33D906}
		{F871BB75-42F2-3ED3-9837-E8FC893F0D66} = {5B5E0B0D-FE95-3BD6-A7E2-5DC8AA33D906}
		{69B9520E-7350-3827-AE24-C2DEC24FF191} = {5B5E0B0D-FE95-3BD6-A7E2-5DC8AA33D906}
		{3E65A0CD-15F6-3B17-BA9A-37E33E5FF60D} = {5B5E0B0D-FE95-3BD6-A7E2-5DC8AA33D906}
		{75EDDFC7-F147-37AA-A62D-2633D646D71B} = {0106E104-D06E-3787-8B1B-3986E565C1FF}
		{7F3919A9-0814-308D-BBEC-E3F86F589456} = {0106E104-D06E-3787-8B1B-3986E565C1FF}
		{E7F3F46F-C78C-3AA1-8C1F-5634A17DDA69} = {0106E104-D06E-3787-8B1B-3986E565C1FF}
		{9035CFBF-0DFF-3DC2-AC99-ACD9E51020FB} = {0106E104-D06E-3787-8B1B-3986E565C1FF}
		{A39FCF27-538F-39EE-BEC1-D346F968E67B} = {0106E104-D06E-3787-8B1B-3986E565C1FF}
		{F1DACCAF-4EF8-36A3-9FBF-3D1120A9AE07} = {0106E104-D06E-3787-8B1B-3986E565C1FF}
		{C1B8C23C-6B27-3EAD-8B8A-AB80721D3340} = {0106E104-D06E-3787-8B1B-3986E565C1FF}
		{85335FFB-07D0-380E-A2A6-292AC30B60AD} = {0106E104-D06E-3787-8B1B-3986E565C1FF}
		{B9ECF00F-E021-333C-B7AA-861DE4F8773C} = {0106E104-D06E-3787-8B1B-3986E565C1FF}
		{17028DFA-ED28-3F5B-9B74-D9D646A06534} = {0106E104-D06E-3787-8B1B-3986E565C1FF}
		{48EBCED4-06C1-3B35-8D54-E401CE448634} = {0106E104-D06E-3787-8B1B-3986E565C1FF}
		{C1A73094-05E6-3160-B734-027C21649051} = {75EDDFC7-F147-37AA-A62D-2633D646D71B}
		{AB9039FF-F927-311A-8CBE-ACF9C7CC54F0} = {75EDDFC7-F147-37AA-A62D-2633D646D71B}
		{7BB2DF83-9C13-34A6-8DF3-891CF8A441AA} = {75EDDFC7-F147-37AA-A62D-2633D646D71B}
		{22FF26FB-68E3-367A-A60D-3CFDF4734A64} = {75EDDFC7-F147-37AA-A62D-2633D646D71B}
		{E641D605-0178-335A-BAAA-E607F87E6FB0} = {75EDDFC7-F147-37AA-A62D-2633D646D71B}
		{DF08103E-703E-39A6-8AC3-38BE9C237C9F} = {75EDDFC7-F147-37AA-A62D-2633D646D71B}
	EndGlobalSection
	GlobalSection(ExtensibilityGlobals) = postSolution
		SolutionGuid = {200BE9E9-3A62-377C-BC79-2047F336EAF8}
	EndGlobalSection
	GlobalSection(ExtensibilityAddIns) = postSolution
	EndGlobalSection
EndGlobal
